
Microsoft Visual Studio Solution File, Format Version 12.00
# Visual Studio Version 16
VisualStudioVersion = 16.0.30804.86
MinimumVisualStudioVersion = 10.0.40219.1
Project("{2150E333-8FDC-42A3-9474-1A3956D46DE8}") = "Libraries", "Libraries", "{6E4FFCF0-76C3-459E-8F77-D6EE080D215C}"
EndProject
Project("{FAE04EC0-301F-11D3-BF4B-00C04F79EFBC}") = "ZHM.Serialization", "Libraries\ZHM.Serialization\ZHM.Serialization.csproj", "{73433078-1B75-4A13-B96F-B39EABB6900E}"
EndProject
Project("{FAE04EC0-301F-11D3-BF4B-00C04F79EFBC}") = "ZHM.Common", "Libraries\ZHM.Common\ZHM.Common.csproj", "{FCA33AB2-477D-4402-94C3-06DD2582E587}"
EndProject
Project("{2150E333-8FDC-42A3-9474-1A3956D46DE8}") = "Tools", "Tools", "{B868C786-48A8-4789-957D-1FDB3AC892D5}"
EndProject
Project("{9A19103F-16F7-4668-BE54-9A1E7A4F7556}") = "ResourceParser", "Tools\ResourceParser\ResourceParser.csproj", "{C735F285-8DC5-4146-9615-7739FF7278A7}"
EndProject
Global
	GlobalSection(SolutionConfigurationPlatforms) = preSolution
		Debug|Any CPU = Debug|Any CPU
		Release|Any CPU = Release|Any CPU
	EndGlobalSection
	GlobalSection(ProjectConfigurationPlatforms) = postSolution
		{73433078-1B75-4A13-B96F-B39EABB6900E}.Debug|Any CPU.ActiveCfg = Debug|Any CPU
		{73433078-1B75-4A13-B96F-B39EABB6900E}.Debug|Any CPU.Build.0 = Debug|Any CPU
		{73433078-1B75-4A13-B96F-B39EABB6900E}.Release|Any CPU.ActiveCfg = Release|Any CPU
		{73433078-1B75-4A13-B96F-B39EABB6900E}.Release|Any CPU.Build.0 = Release|Any CPU
		{FCA33AB2-477D-4402-94C3-06DD2582E587}.Debug|Any CPU.ActiveCfg = Debug|Any CPU
		{FCA33AB2-477D-4402-94C3-06DD2582E587}.Debug|Any CPU.Build.0 = Debug|Any CPU
		{FCA33AB2-477D-4402-94C3-06DD2582E587}.Release|Any CPU.ActiveCfg = Release|Any CPU
		{FCA33AB2-477D-4402-94C3-06DD2582E587}.Release|Any CPU.Build.0 = Release|Any CPU
		{C735F285-8DC5-4146-9615-7739FF7278A7}.Debug|Any CPU.ActiveCfg = Debug|Any CPU
		{C735F285-8DC5-4146-9615-7739FF7278A7}.Debug|Any CPU.Build.0 = Debug|Any CPU
		{C735F285-8DC5-4146-9615-7739FF7278A7}.Release|Any CPU.ActiveCfg = Release|Any CPU
		{C735F285-8DC5-4146-9615-7739FF7278A7}.Release|Any CPU.Build.0 = Release|Any CPU
	EndGlobalSection
	GlobalSection(SolutionProperties) = preSolution
		HideSolutionNode = FALSE
	EndGlobalSection
	GlobalSection(NestedProjects) = preSolution
		{73433078-1B75-4A13-B96F-B39EABB6900E} = {6E4FFCF0-76C3-459E-8F77-D6EE080D215C}
		{FCA33AB2-477D-4402-94C3-06DD2582E587} = {6E4FFCF0-76C3-459E-8F77-D6EE080D215C}
		{C735F285-8DC5-4146-9615-7739FF7278A7} = {B868C786-48A8-4789-957D-1FDB3AC892D5}
	EndGlobalSection
	GlobalSection(ExtensibilityGlobals) = postSolution
		SolutionGuid = {C173A2B3-5CBF-4277-8820-280C8908B450}
	EndGlobalSection
EndGlobal
